
Microsoft Visual Studio Solution File, Format Version 12.00
# Visual Studio Version 17
VisualStudioVersion = 17.0.31919.166
MinimumVisualStudioVersion = 10.0.40219.1
Project("{9A19103F-16F7-4668-BE54-9A1E7A4F7556}") = "AutoSchool", "AutoSchool.csproj", "{390F5831-D62D-4A54-808B-3267F45F1F4D}"
EndProject
Global
	GlobalSection(SolutionConfigurationPlatforms) = preSolution
		Debug|Any CPU = Debug|Any CPU
		Release|Any CPU = Release|Any CPU
	EndGlobalSection
	GlobalSection(ProjectConfigurationPlatforms) = postSolution
		{390F5831-D62D-4A54-808B-3267F45F1F4D}.Debug|Any CPU.ActiveCfg = Debug|Any CPU
		{390F5831-D62D-4A54-808B-3267F45F1F4D}.Debug|Any CPU.Build.0 = Debug|Any CPU
		{390F5831-D62D-4A54-808B-3267F45F1F4D}.Release|Any CPU.ActiveCfg = Release|Any CPU
		{390F5831-D62D-4A54-808B-3267F45F1F4D}.Release|Any CPU.Build.0 = Release|Any CPU
	EndGlobalSection
	GlobalSection(SolutionProperties) = preSolution
		HideSolutionNode = FALSE
	EndGlobalSection
	GlobalSection(ExtensibilityGlobals) = postSolution
		SolutionGuid = {87E5E650-057C-4FEE-8076-5C818D5493BE}
	EndGlobalSection
EndGlobal
